
Microsoft Visual Studio Solution File, Format Version 12.00
# Visual Studio Version 17
VisualStudioVersion = 17.14.36221.1 d17.14
MinimumVisualStudioVersion = 10.0.40219.1
Project("{FAE04EC0-301F-11D3-BF4B-00C04F79EFBC}") = "ConsolidationDashboard", "ConsolidationDashboard.csproj", "{F58D4263-605A-49D1-B06B-AE23AD01A783}"
EndProject
Global
	GlobalSection(SolutionConfigurationPlatforms) = preSolution
		Debug|Any CPU = Debug|Any CPU
		Release|Any CPU = Release|Any CPU
	EndGlobalSection
	GlobalSection(ProjectConfigurationPlatforms) = postSolution
		{F58D4263-605A-49D1-B06B-AE23AD01A783}.Debug|Any CPU.ActiveCfg = Debug|Any CPU
		{F58D4263-605A-49D1-B06B-AE23AD01A783}.Debug|Any CPU.Build.0 = Debug|Any CPU
		{F58D4263-605A-49D1-B06B-AE23AD01A783}.Release|Any CPU.ActiveCfg = Release|Any CPU
		{F58D4263-605A-49D1-B06B-AE23AD01A783}.Release|Any CPU.Build.0 = Release|Any CPU
	EndGlobalSection
	GlobalSection(SolutionProperties) = preSolution
		HideSolutionNode = FALSE
	EndGlobalSection
	GlobalSection(ExtensibilityGlobals) = postSolution
		SolutionGuid = {17A300FC-C80E-40BD-99F9-2911F64F3834}
	EndGlobalSection
EndGlobal
